Microsoft Visual Studio Solution File, Format Version 11.00
# Visual Studio 2008

Project("{E759CDD2-073B-4999-B046-1F9D2546F80A}") = "slua", "Assembly-CSharp.csproj", "{429F36DB-DD01-6741-1294-EBC5676DF338}"
EndProject
Project("{E759CDD2-073B-4999-B046-1F9D2546F80A}") = "slua", "Assembly-CSharp-Editor.csproj", "{A4EEF0F0-3C07-1CC5-AEDA-DE748E63E202}"
EndProject
Global
	GlobalSection(SolutionConfigurationPlatforms) = preSolution
		Debug|Any CPU = Debug|Any CPU
		Release|Any CPU = Release|Any CPU
	EndGlobalSection
	GlobalSection(ProjectConfigurationPlatforms) = postSolution
		{429F36DB-DD01-6741-1294-EBC5676DF338}.Debug|Any CPU.ActiveCfg = Debug|Any CPU
		{429F36DB-DD01-6741-1294-EBC5676DF338}.Debug|Any CPU.Build.0 = Debug|Any CPU
		{429F36DB-DD01-6741-1294-EBC5676DF338}.Release|Any CPU.ActiveCfg = Release|Any CPU
		{429F36DB-DD01-6741-1294-EBC5676DF338}.Release|Any CPU.Build.0 = Release|Any CPU
		{A4EEF0F0-3C07-1CC5-AEDA-DE748E63E202}.Debug|Any CPU.ActiveCfg = Debug|Any CPU
		{A4EEF0F0-3C07-1CC5-AEDA-DE748E63E202}.Debug|Any CPU.Build.0 = Debug|Any CPU
		{A4EEF0F0-3C07-1CC5-AEDA-DE748E63E202}.Release|Any CPU.ActiveCfg = Release|Any CPU
		{A4EEF0F0-3C07-1CC5-AEDA-DE748E63E202}.Release|Any CPU.Build.0 = Release|Any CPU
	EndGlobalSection
	GlobalSection(SolutionProperties) = preSolution
		HideSolutionNode = FALSE
	EndGlobalSection
													GlobalSection(MonoDevelopProperties) = preSolution
		StartupItem = Assembly-CSharp.csproj
		Policies = $0
		$0.TextStylePolicy = $1
		$1.inheritsSet = null
		$1.scope = text/x-csharp
		$0.CSharpFormattingPolicy = $2
		$2.inheritsSet = Mono
		$2.inheritsScope = text/x-csharp
		$2.scope = text/x-csharp
		$0.TextStylePolicy = $3
		$3.FileWidth = 120
		$3.TabWidth = 4
		$3.EolMarker = Unix
		$3.inheritsSet = Mono
		$3.inheritsScope = text/plain
		$3.scope = text/plain
	EndGlobalSection

EndGlobal
